Microsoft Visual Studio Solution File, Format Version 11.00
# Visual Studio 2010
Project("{FAE04EC0-301F-11D3-BF4B-00C04F79EFBC}") = "DigitalVoterList", "DigitalVoterList\DigitalVoterList.csproj", "{EEF1AB52-58A1-43C9-84EB-28A3574B7E6B}"
EndProject
Project("{FAE04EC0-301F-11D3-BF4B-00C04F79EFBC}") = "DigitalVoterList.PexTests", "DigitalVoterList.PexTests\DigitalVoterList.PexTests.csproj", "{1BA31497-CC48-4BCB-B150-79BB0C756C0E}"
EndProject
Project("{2150E333-8FDC-42A3-9474-1A3956D46DE8}") = "Solution Items", "Solution Items", "{5C3C4E21-5C46-4A52-A886-3B6A1D5F9306}"
	ProjectSection(SolutionItems) = preProject
		DigitalVoterList.vsmdi = DigitalVoterList.vsmdi
		Local.testsettings = Local.testsettings
		TraceAndTestImpact.testsettings = TraceAndTestImpact.testsettings
	EndProjectSection
EndProject
Project("{FAE04EC0-301F-11D3-BF4B-00C04F79EFBC}") = "ParamTests", "ParamTests\ParamTests.csproj", "{CD68236C-4405-4AEE-8FD6-8E54543B13F6}"
EndProject
Global
	GlobalSection(TestCaseManagementSettings) = postSolution
		CategoryFile = DigitalVoterList.vsmdi
	EndGlobalSection
	GlobalSection(SolutionConfigurationPlatforms) = preSolution
		Debug|Any CPU = Debug|Any CPU
		Debug|Mixed Platforms = Debug|Mixed Platforms
		Debug|x86 = Debug|x86
		Release|Any CPU = Release|Any CPU
		Release|Mixed Platforms = Release|Mixed Platforms
		Release|x86 = Release|x86
	EndGlobalSection
	GlobalSection(ProjectConfigurationPlatforms) = postSolution
		{EEF1AB52-58A1-43C9-84EB-28A3574B7E6B}.Debug|Any CPU.ActiveCfg = Debug|x86
		{EEF1AB52-58A1-43C9-84EB-28A3574B7E6B}.Debug|Mixed Platforms.ActiveCfg = Debug|x86
		{EEF1AB52-58A1-43C9-84EB-28A3574B7E6B}.Debug|Mixed Platforms.Build.0 = Debug|x86
		{EEF1AB52-58A1-43C9-84EB-28A3574B7E6B}.Debug|x86.ActiveCfg = Debug|x86
		{EEF1AB52-58A1-43C9-84EB-28A3574B7E6B}.Debug|x86.Build.0 = Debug|x86
		{EEF1AB52-58A1-43C9-84EB-28A3574B7E6B}.Release|Any CPU.ActiveCfg = Release|x86
		{EEF1AB52-58A1-43C9-84EB-28A3574B7E6B}.Release|Mixed Platforms.ActiveCfg = Release|x86
		{EEF1AB52-58A1-43C9-84EB-28A3574B7E6B}.Release|Mixed Platforms.Build.0 = Release|x86
		{EEF1AB52-58A1-43C9-84EB-28A3574B7E6B}.Release|x86.ActiveCfg = Release|x86
		{EEF1AB52-58A1-43C9-84EB-28A3574B7E6B}.Release|x86.Build.0 = Release|x86
		{1BA31497-CC48-4BCB-B150-79BB0C756C0E}.Debug|Any CPU.ActiveCfg = Debug|Any CPU
		{1BA31497-CC48-4BCB-B150-79BB0C756C0E}.Debug|Any CPU.Build.0 = Debug|Any CPU
		{1BA31497-CC48-4BCB-B150-79BB0C756C0E}.Debug|Mixed Platforms.ActiveCfg = Debug|Any CPU
		{1BA31497-CC48-4BCB-B150-79BB0C756C0E}.Debug|Mixed Platforms.Build.0 = Debug|Any CPU
		{1BA31497-CC48-4BCB-B150-79BB0C756C0E}.Debug|x86.ActiveCfg = Debug|Any CPU
		{1BA31497-CC48-4BCB-B150-79BB0C756C0E}.Release|Any CPU.ActiveCfg = Release|Any CPU
		{1BA31497-CC48-4BCB-B150-79BB0C756C0E}.Release|Any CPU.Build.0 = Release|Any CPU
		{1BA31497-CC48-4BCB-B150-79BB0C756C0E}.Release|Mixed Platforms.ActiveCfg = Release|Any CPU
		{1BA31497-CC48-4BCB-B150-79BB0C756C0E}.Release|Mixed Platforms.Build.0 = Release|Any CPU
		{1BA31497-CC48-4BCB-B150-79BB0C756C0E}.Release|x86.ActiveCfg = Release|Any CPU
		{CD68236C-4405-4AEE-8FD6-8E54543B13F6}.Debug|Any CPU.ActiveCfg = Debug|Any CPU
		{CD68236C-4405-4AEE-8FD6-8E54543B13F6}.Debug|Any CPU.Build.0 = Debug|Any CPU
		{CD68236C-4405-4AEE-8FD6-8E54543B13F6}.Debug|Mixed Platforms.ActiveCfg = Debug|Any CPU
		{CD68236C-4405-4AEE-8FD6-8E54543B13F6}.Debug|Mixed Platforms.Build.0 = Debug|Any CPU
		{CD68236C-4405-4AEE-8FD6-8E54543B13F6}.Debug|x86.ActiveCfg = Debug|Any CPU
		{CD68236C-4405-4AEE-8FD6-8E54543B13F6}.Release|Any CPU.ActiveCfg = Release|Any CPU
		{CD68236C-4405-4AEE-8FD6-8E54543B13F6}.Release|Any CPU.Build.0 = Release|Any CPU
		{CD68236C-4405-4AEE-8FD6-8E54543B13F6}.Release|Mixed Platforms.ActiveCfg = Release|Any CPU
		{CD68236C-4405-4AEE-8FD6-8E54543B13F6}.Release|Mixed Platforms.Build.0 = Release|Any CPU
		{CD68236C-4405-4AEE-8FD6-8E54543B13F6}.Release|x86.ActiveCfg = Release|Any CPU
	EndGlobalSection
	GlobalSection(SolutionProperties) = preSolution
		HideSolutionNode = FALSE
	EndGlobalSection
EndGlobal
