
Microsoft Visual Studio Solution File, Format Version 11.00
# Visual Studio 2010
Project("{FAE04EC0-301F-11D3-BF4B-00C04F79EFBC}") = "SmallTuba", "SmallTuba\SmallTuba.csproj", "{20869018-EB0E-4F42-8570-2CAF18CB06DC}"
EndProject
Project("{FAE04EC0-301F-11D3-BF4B-00C04F79EFBC}") = "AdminApplication", "AdminApplication\AdminApplication.csproj", "{0CB2A275-4A69-4D45-A388-44A8EF4ACFC6}"
EndProject
Project("{FAE04EC0-301F-11D3-BF4B-00C04F79EFBC}") = "ClientApplication", "ClientApplication\ClientApplication.csproj", "{99D9F2CA-71C6-45AB-8583-130F70F2B953}"
EndProject
Project("{FAE04EC0-301F-11D3-BF4B-00C04F79EFBC}") = "ServerApplication", "ServerApplication\ServerApplication.csproj", "{DBE6DB47-42C3-460B-B525-A2D7CC08E2B9}"
EndProject
Project("{54435603-DBB4-11D2-8724-00A0C9A8B90C}") = "ServerSetup", "ServerSetup\ServerSetup.vdproj", "{03072307-6299-419F-B442-29776E2EEA2D}"
EndProject
Project("{FAE04EC0-301F-11D3-BF4B-00C04F79EFBC}") = "SmallTubaTestSuite", "SmallTubaTestSuite\SmallTubaTestSuite.csproj", "{5972E424-3638-4894-9396-0EC264EF67E4}"
EndProject
Project("{FAE04EC0-301F-11D3-BF4B-00C04F79EFBC}") = "GeneratorApplication", "GeneratorApplication\GeneratorApplication.csproj", "{457E7437-41F1-46A1-AC69-50CF37B5706C}"
EndProject
Project("{2150E333-8FDC-42A3-9474-1A3956D46DE8}") = "Solution Items", "Solution Items", "{222A85D6-08E1-4685-83D2-B42D093C7AB7}"
	ProjectSection(SolutionItems) = preProject
		Local.testsettings = Local.testsettings
		SmallTuba.vsmdi = SmallTuba.vsmdi
		TraceAndTestImpact.testsettings = TraceAndTestImpact.testsettings
	EndProjectSection
EndProject
Project("{54435603-DBB4-11D2-8724-00A0C9A8B90C}") = "ClientApplicationSetup", "ClientApplicationSetup\ClientApplicationSetup.vdproj", "{1F9AF067-73C1-409C-9626-6CDBFC3315B6}"
EndProject
Project("{54435603-DBB4-11D2-8724-00A0C9A8B90C}") = "AdminApplicationSetup", "AdminApplicationSetup\AdminApplicationSetup.vdproj", "{8FC7E319-C314-4704-83E1-6B355EFED95C}"
EndProject
Global
	GlobalSection(TestCaseManagementSettings) = postSolution
		CategoryFile = SmallTuba.vsmdi
	EndGlobalSection
	GlobalSection(SolutionConfigurationPlatforms) = preSolution
		Debug|Any CPU = Debug|Any CPU
		Debug|Mixed Platforms = Debug|Mixed Platforms
		Debug|x86 = Debug|x86
		Release|Any CPU = Release|Any CPU
		Release|Mixed Platforms = Release|Mixed Platforms
		Release|x86 = Release|x86
	EndGlobalSection
	GlobalSection(ProjectConfigurationPlatforms) = postSolution
		{20869018-EB0E-4F42-8570-2CAF18CB06DC}.Debug|Any CPU.ActiveCfg = Debug|x86
		{20869018-EB0E-4F42-8570-2CAF18CB06DC}.Debug|Mixed Platforms.ActiveCfg = Debug|x86
		{20869018-EB0E-4F42-8570-2CAF18CB06DC}.Debug|Mixed Platforms.Build.0 = Debug|x86
		{20869018-EB0E-4F42-8570-2CAF18CB06DC}.Debug|x86.ActiveCfg = Debug|x86
		{20869018-EB0E-4F42-8570-2CAF18CB06DC}.Debug|x86.Build.0 = Debug|x86
		{20869018-EB0E-4F42-8570-2CAF18CB06DC}.Release|Any CPU.ActiveCfg = Release|x86
		{20869018-EB0E-4F42-8570-2CAF18CB06DC}.Release|Mixed Platforms.ActiveCfg = Release|x86
		{20869018-EB0E-4F42-8570-2CAF18CB06DC}.Release|Mixed Platforms.Build.0 = Release|x86
		{20869018-EB0E-4F42-8570-2CAF18CB06DC}.Release|x86.ActiveCfg = Release|x86
		{20869018-EB0E-4F42-8570-2CAF18CB06DC}.Release|x86.Build.0 = Release|x86
		{0CB2A275-4A69-4D45-A388-44A8EF4ACFC6}.Debug|Any CPU.ActiveCfg = Debug|x86
		{0CB2A275-4A69-4D45-A388-44A8EF4ACFC6}.Debug|Mixed Platforms.ActiveCfg = Debug|x86
		{0CB2A275-4A69-4D45-A388-44A8EF4ACFC6}.Debug|Mixed Platforms.Build.0 = Debug|x86
		{0CB2A275-4A69-4D45-A388-44A8EF4ACFC6}.Debug|x86.ActiveCfg = Debug|x86
		{0CB2A275-4A69-4D45-A388-44A8EF4ACFC6}.Debug|x86.Build.0 = Debug|x86
		{0CB2A275-4A69-4D45-A388-44A8EF4ACFC6}.Release|Any CPU.ActiveCfg = Release|x86
		{0CB2A275-4A69-4D45-A388-44A8EF4ACFC6}.Release|Mixed Platforms.ActiveCfg = Release|x86
		{0CB2A275-4A69-4D45-A388-44A8EF4ACFC6}.Release|Mixed Platforms.Build.0 = Release|x86
		{0CB2A275-4A69-4D45-A388-44A8EF4ACFC6}.Release|x86.ActiveCfg = Release|x86
		{0CB2A275-4A69-4D45-A388-44A8EF4ACFC6}.Release|x86.Build.0 = Release|x86
		{99D9F2CA-71C6-45AB-8583-130F70F2B953}.Debug|Any CPU.ActiveCfg = Debug|x86
		{99D9F2CA-71C6-45AB-8583-130F70F2B953}.Debug|Mixed Platforms.ActiveCfg = Debug|x86
		{99D9F2CA-71C6-45AB-8583-130F70F2B953}.Debug|Mixed Platforms.Build.0 = Debug|x86
		{99D9F2CA-71C6-45AB-8583-130F70F2B953}.Debug|x86.ActiveCfg = Debug|x86
		{99D9F2CA-71C6-45AB-8583-130F70F2B953}.Debug|x86.Build.0 = Debug|x86
		{99D9F2CA-71C6-45AB-8583-130F70F2B953}.Release|Any CPU.ActiveCfg = Release|x86
		{99D9F2CA-71C6-45AB-8583-130F70F2B953}.Release|Mixed Platforms.ActiveCfg = Release|x86
		{99D9F2CA-71C6-45AB-8583-130F70F2B953}.Release|Mixed Platforms.Build.0 = Release|x86
		{99D9F2CA-71C6-45AB-8583-130F70F2B953}.Release|x86.ActiveCfg = Release|x86
		{99D9F2CA-71C6-45AB-8583-130F70F2B953}.Release|x86.Build.0 = Release|x86
		{DBE6DB47-42C3-460B-B525-A2D7CC08E2B9}.Debug|Any CPU.ActiveCfg = Debug|x86
		{DBE6DB47-42C3-460B-B525-A2D7CC08E2B9}.Debug|Mixed Platforms.ActiveCfg = Debug|x86
		{DBE6DB47-42C3-460B-B525-A2D7CC08E2B9}.Debug|Mixed Platforms.Build.0 = Debug|x86
		{DBE6DB47-42C3-460B-B525-A2D7CC08E2B9}.Debug|x86.ActiveCfg = Debug|x86
		{DBE6DB47-42C3-460B-B525-A2D7CC08E2B9}.Debug|x86.Build.0 = Debug|x86
		{DBE6DB47-42C3-460B-B525-A2D7CC08E2B9}.Release|Any CPU.ActiveCfg = Release|x86
		{DBE6DB47-42C3-460B-B525-A2D7CC08E2B9}.Release|Mixed Platforms.ActiveCfg = Release|x86
		{DBE6DB47-42C3-460B-B525-A2D7CC08E2B9}.Release|Mixed Platforms.Build.0 = Release|x86
		{DBE6DB47-42C3-460B-B525-A2D7CC08E2B9}.Release|x86.ActiveCfg = Release|x86
		{DBE6DB47-42C3-460B-B525-A2D7CC08E2B9}.Release|x86.Build.0 = Release|x86
		{03072307-6299-419F-B442-29776E2EEA2D}.Debug|Any CPU.ActiveCfg = Debug
		{03072307-6299-419F-B442-29776E2EEA2D}.Debug|Any CPU.Build.0 = Debug
		{03072307-6299-419F-B442-29776E2EEA2D}.Debug|Mixed Platforms.ActiveCfg = Debug
		{03072307-6299-419F-B442-29776E2EEA2D}.Debug|Mixed Platforms.Build.0 = Debug
		{03072307-6299-419F-B442-29776E2EEA2D}.Debug|x86.ActiveCfg = Debug
		{03072307-6299-419F-B442-29776E2EEA2D}.Release|Any CPU.ActiveCfg = Release
		{03072307-6299-419F-B442-29776E2EEA2D}.Release|Any CPU.Build.0 = Release
		{03072307-6299-419F-B442-29776E2EEA2D}.Release|Mixed Platforms.ActiveCfg = Release
		{03072307-6299-419F-B442-29776E2EEA2D}.Release|Mixed Platforms.Build.0 = Release
		{03072307-6299-419F-B442-29776E2EEA2D}.Release|x86.ActiveCfg = Release
		{5972E424-3638-4894-9396-0EC264EF67E4}.Debug|Any CPU.ActiveCfg = Debug|x86
		{5972E424-3638-4894-9396-0EC264EF67E4}.Debug|Mixed Platforms.ActiveCfg = Debug|x86
		{5972E424-3638-4894-9396-0EC264EF67E4}.Debug|Mixed Platforms.Build.0 = Debug|x86
		{5972E424-3638-4894-9396-0EC264EF67E4}.Debug|x86.ActiveCfg = Debug|x86
		{5972E424-3638-4894-9396-0EC264EF67E4}.Debug|x86.Build.0 = Debug|x86
		{5972E424-3638-4894-9396-0EC264EF67E4}.Release|Any CPU.ActiveCfg = Release|x86
		{5972E424-3638-4894-9396-0EC264EF67E4}.Release|Mixed Platforms.ActiveCfg = Release|x86
		{5972E424-3638-4894-9396-0EC264EF67E4}.Release|Mixed Platforms.Build.0 = Release|x86
		{5972E424-3638-4894-9396-0EC264EF67E4}.Release|x86.ActiveCfg = Release|x86
		{5972E424-3638-4894-9396-0EC264EF67E4}.Release|x86.Build.0 = Release|x86
		{457E7437-41F1-46A1-AC69-50CF37B5706C}.Debug|Any CPU.ActiveCfg = Debug|x86
		{457E7437-41F1-46A1-AC69-50CF37B5706C}.Debug|Mixed Platforms.ActiveCfg = Debug|x86
		{457E7437-41F1-46A1-AC69-50CF37B5706C}.Debug|Mixed Platforms.Build.0 = Debug|x86
		{457E7437-41F1-46A1-AC69-50CF37B5706C}.Debug|x86.ActiveCfg = Debug|x86
		{457E7437-41F1-46A1-AC69-50CF37B5706C}.Debug|x86.Build.0 = Debug|x86
		{457E7437-41F1-46A1-AC69-50CF37B5706C}.Release|Any CPU.ActiveCfg = Release|x86
		{457E7437-41F1-46A1-AC69-50CF37B5706C}.Release|Mixed Platforms.ActiveCfg = Release|x86
		{457E7437-41F1-46A1-AC69-50CF37B5706C}.Release|Mixed Platforms.Build.0 = Release|x86
		{457E7437-41F1-46A1-AC69-50CF37B5706C}.Release|x86.ActiveCfg = Release|x86
		{457E7437-41F1-46A1-AC69-50CF37B5706C}.Release|x86.Build.0 = Release|x86
		{1F9AF067-73C1-409C-9626-6CDBFC3315B6}.Debug|Any CPU.ActiveCfg = Debug
		{1F9AF067-73C1-409C-9626-6CDBFC3315B6}.Debug|Mixed Platforms.ActiveCfg = Debug
		{1F9AF067-73C1-409C-9626-6CDBFC3315B6}.Debug|x86.ActiveCfg = Debug
		{1F9AF067-73C1-409C-9626-6CDBFC3315B6}.Release|Any CPU.ActiveCfg = Release
		{1F9AF067-73C1-409C-9626-6CDBFC3315B6}.Release|Mixed Platforms.ActiveCfg = Release
		{1F9AF067-73C1-409C-9626-6CDBFC3315B6}.Release|x86.ActiveCfg = Release
		{8FC7E319-C314-4704-83E1-6B355EFED95C}.Debug|Any CPU.ActiveCfg = Debug
		{8FC7E319-C314-4704-83E1-6B355EFED95C}.Debug|Mixed Platforms.ActiveCfg = Debug
		{8FC7E319-C314-4704-83E1-6B355EFED95C}.Debug|x86.ActiveCfg = Debug
		{8FC7E319-C314-4704-83E1-6B355EFED95C}.Release|Any CPU.ActiveCfg = Release
		{8FC7E319-C314-4704-83E1-6B355EFED95C}.Release|Mixed Platforms.ActiveCfg = Release
		{8FC7E319-C314-4704-83E1-6B355EFED95C}.Release|x86.ActiveCfg = Release
	EndGlobalSection
	GlobalSection(SolutionProperties) = preSolution
		HideSolutionNode = FALSE
	EndGlobalSection
EndGlobal
